
Microsoft Visual Studio Solution File, Format Version 12.00
# Visual Studio Version 16
VisualStudioVersion = 16.0.33801.447
MinimumVisualStudioVersion = 10.0.40219.1
Project("{FAE04EC0-301F-11D3-BF4B-00C04F79EFBC}") = "UniversityAdministration", "UniversityAdministration\UniversityAdministration.csproj", "{6A388EA8-8870-4C45-9D96-CDE9B25F5623}"
EndProject
Global
	GlobalSection(SolutionConfigurationPlatforms) = preSolution
		Debug|Any CPU = Debug|Any CPU
		Release|Any CPU = Release|Any CPU
	EndGlobalSection
	GlobalSection(ProjectConfigurationPlatforms) = postSolution
		{6A388EA8-8870-4C45-9D96-CDE9B25F5623}.Debug|Any CPU.ActiveCfg = Debug|Any CPU
		{6A388EA8-8870-4C45-9D96-CDE9B25F5623}.Debug|Any CPU.Build.0 = Debug|Any CPU
		{6A388EA8-8870-4C45-9D96-CDE9B25F5623}.Release|Any CPU.ActiveCfg = Release|Any CPU
		{6A388EA8-8870-4C45-9D96-CDE9B25F5623}.Release|Any CPU.Build.0 = Release|Any CPU
	EndGlobalSection
	GlobalSection(SolutionProperties) = preSolution
		HideSolutionNode = FALSE
	EndGlobalSection
	GlobalSection(ExtensibilityGlobals) = postSolution
		SolutionGuid = {31F82A4F-1BB4-4506-AE9F-B4947011D7AB}
	EndGlobalSection
EndGlobal
